
Microsoft Visual Studio Solution File, Format Version 12.00
EndProject
Project("{2150E333-8FDC-42A3-9474-1A3956D46DE8}") = "HomeWork4", "HomeWork4", "{29B697C5-41B1-4F66-9F11-142AEC58B8BD}"
EndProject
Project("{F2A71F9B-5D33-465A-A702-920D77279786}") = "Hw4Tests", "HomeWork4\Hw4Tests\Hw4Tests.fsproj", "{CC7A354F-FEB3-435C-8DF2-DCC5C474BF6E}"
EndProject
Project("{F2A71F9B-5D33-465A-A702-920D77279786}") = "Hw4", "HomeWork4\Hw4\Hw4.fsproj", "{BFDF2547-8ABD-4CD7-BBA2-4AAF965D06CB}"
EndProject
Global
	GlobalSection(SolutionConfigurationPlatforms) = preSolution
		Debug|Any CPU = Debug|Any CPU
		Release|Any CPU = Release|Any CPU
	EndGlobalSection
	GlobalSection(ProjectConfigurationPlatforms) = postSolution
		{CC7A354F-FEB3-435C-8DF2-DCC5C474BF6E}.Debug|Any CPU.ActiveCfg = Debug|Any CPU
		{CC7A354F-FEB3-435C-8DF2-DCC5C474BF6E}.Debug|Any CPU.Build.0 = Debug|Any CPU
		{CC7A354F-FEB3-435C-8DF2-DCC5C474BF6E}.Release|Any CPU.ActiveCfg = Release|Any CPU
		{CC7A354F-FEB3-435C-8DF2-DCC5C474BF6E}.Release|Any CPU.Build.0 = Release|Any CPU
		{BFDF2547-8ABD-4CD7-BBA2-4AAF965D06CB}.Debug|Any CPU.ActiveCfg = Debug|Any CPU
		{BFDF2547-8ABD-4CD7-BBA2-4AAF965D06CB}.Debug|Any CPU.Build.0 = Debug|Any CPU
		{BFDF2547-8ABD-4CD7-BBA2-4AAF965D06CB}.Release|Any CPU.ActiveCfg = Release|Any CPU
		{BFDF2547-8ABD-4CD7-BBA2-4AAF965D06CB}.Release|Any CPU.Build.0 = Release|Any CPU
	EndGlobalSection
	GlobalSection(NestedProjects) = preSolution
		{CC7A354F-FEB3-435C-8DF2-DCC5C474BF6E} = {29B697C5-41B1-4F66-9F11-142AEC58B8BD}
		{BFDF2547-8ABD-4CD7-BBA2-4AAF965D06CB} = {29B697C5-41B1-4F66-9F11-142AEC58B8BD}
	EndGlobalSection
EndGlobal
